
Microsoft Visual Studio Solution File, Format Version 12.00
# Visual Studio Version 16
VisualStudioVersion = 16.0.30114.105
MinimumVisualStudioVersion = 10.0.40219.1
Project("{FAE04EC0-301F-11D3-BF4B-00C04F79EFBC}") = "01_types", "01_types\01_types.csproj", "{5B78B91F-7E9D-40FC-A679-FAADBEBCD824}"
EndProject
Project("{FAE04EC0-301F-11D3-BF4B-00C04F79EFBC}") = "02_ReferenceTypes", "02_ReferenceTypes\02_ReferenceTypes.csproj", "{299E6084-4D24-457D-9216-CE72BEE6D15E}"
EndProject
Project("{FAE04EC0-301F-11D3-BF4B-00C04F79EFBC}") = "03_Operators", "03_Operators\03_Operators.csproj", "{9D7CAFEB-4404-4A09-BF29-B83BF05E0313}"
EndProject
Project("{FAE04EC0-301F-11D3-BF4B-00C04F79EFBC}") = "04_Conditionals", "04_Conditionals\04_Conditionals.csproj", "{D6D2722E-208E-4377-9D99-15E70BA9BE27}"
EndProject
Global
	GlobalSection(SolutionConfigurationPlatforms) = preSolution
		Debug|Any CPU = Debug|Any CPU
		Release|Any CPU = Release|Any CPU
	EndGlobalSection
	GlobalSection(SolutionProperties) = preSolution
		HideSolutionNode = FALSE
	EndGlobalSection
	GlobalSection(ProjectConfigurationPlatforms) = postSolution
		{5B78B91F-7E9D-40FC-A679-FAADBEBCD824}.Debug|Any CPU.ActiveCfg = Debug|Any CPU
		{5B78B91F-7E9D-40FC-A679-FAADBEBCD824}.Debug|Any CPU.Build.0 = Debug|Any CPU
		{5B78B91F-7E9D-40FC-A679-FAADBEBCD824}.Release|Any CPU.ActiveCfg = Release|Any CPU
		{5B78B91F-7E9D-40FC-A679-FAADBEBCD824}.Release|Any CPU.Build.0 = Release|Any CPU
		{299E6084-4D24-457D-9216-CE72BEE6D15E}.Debug|Any CPU.ActiveCfg = Debug|Any CPU
		{299E6084-4D24-457D-9216-CE72BEE6D15E}.Debug|Any CPU.Build.0 = Debug|Any CPU
		{299E6084-4D24-457D-9216-CE72BEE6D15E}.Release|Any CPU.ActiveCfg = Release|Any CPU
		{299E6084-4D24-457D-9216-CE72BEE6D15E}.Release|Any CPU.Build.0 = Release|Any CPU
		{9D7CAFEB-4404-4A09-BF29-B83BF05E0313}.Debug|Any CPU.ActiveCfg = Debug|Any CPU
		{9D7CAFEB-4404-4A09-BF29-B83BF05E0313}.Debug|Any CPU.Build.0 = Debug|Any CPU
		{9D7CAFEB-4404-4A09-BF29-B83BF05E0313}.Release|Any CPU.ActiveCfg = Release|Any CPU
		{9D7CAFEB-4404-4A09-BF29-B83BF05E0313}.Release|Any CPU.Build.0 = Release|Any CPU
		{D6D2722E-208E-4377-9D99-15E70BA9BE27}.Debug|Any CPU.ActiveCfg = Debug|Any CPU
		{D6D2722E-208E-4377-9D99-15E70BA9BE27}.Debug|Any CPU.Build.0 = Debug|Any CPU
		{D6D2722E-208E-4377-9D99-15E70BA9BE27}.Release|Any CPU.ActiveCfg = Release|Any CPU
		{D6D2722E-208E-4377-9D99-15E70BA9BE27}.Release|Any CPU.Build.0 = Release|Any CPU
	EndGlobalSection
EndGlobal
